
Microsoft Visual Studio Solution File, Format Version 12.00
# Visual Studio Version 16
VisualStudioVersion = 16.0.29519.87
MinimumVisualStudioVersion = 10.0.40219.1
Project("{9A19103F-16F7-4668-BE54-9A1E7A4F7556}") = "GitP4Sync", "GitP4Sync\GitP4Sync.csproj", "{42AE0A64-6F88-41F8-AF53-D1D9488F90E6}"
EndProject
Project("{2150E333-8FDC-42A3-9474-1A3956D46DE8}") = "Solution Items", "Solution Items", "{8312C68B-BCD7-41B5-B864-018E6DB74725}"
	ProjectSection(SolutionItems) = preProject
		README.md = README.md
	EndProjectSection
EndProject
Global
	GlobalSection(SolutionConfigurationPlatforms) = preSolution
		Debug|Any CPU = Debug|Any CPU
		Release|Any CPU = Release|Any CPU
	EndGlobalSection
	GlobalSection(ProjectConfigurationPlatforms) = postSolution
		{42AE0A64-6F88-41F8-AF53-D1D9488F90E6}.Debug|Any CPU.ActiveCfg = Debug|Any CPU
		{42AE0A64-6F88-41F8-AF53-D1D9488F90E6}.Debug|Any CPU.Build.0 = Debug|Any CPU
		{42AE0A64-6F88-41F8-AF53-D1D9488F90E6}.Release|Any CPU.ActiveCfg = Release|Any CPU
		{42AE0A64-6F88-41F8-AF53-D1D9488F90E6}.Release|Any CPU.Build.0 = Release|Any CPU
	EndGlobalSection
	GlobalSection(SolutionProperties) = preSolution
		HideSolutionNode = FALSE
	EndGlobalSection
	GlobalSection(ExtensibilityGlobals) = postSolution
		SolutionGuid = {F68543A6-10A2-4301-94BA-13A7EC266EF3}
	EndGlobalSection
EndGlobal
